lockfileVersion: '9.0'

settings:
  autoInstallPeers: true
  excludeLinksFromLockfile: false

importers:

  .:
    dependencies:
      '@elysiajs/cors':
        specifier: ^1.3.3
        version: 1.3.3(elysia@1.3.5(exact-mirror@0.1.2(@sinclair/typebox@0.34.35))(file-type@21.0.0)(typescript@5.8.3))
      '@elysiajs/jwt':
        specifier: ^1.3.1
        version: 1.3.1(elysia@1.3.5(exact-mirror@0.1.2(@sinclair/typebox@0.34.35))(file-type@21.0.0)(typescript@5.8.3))
      '@elysiajs/swagger':
        specifier: ^1.3.0
        version: 1.3.0(elysia@1.3.5(exact-mirror@0.1.2(@sinclair/typebox@0.34.35))(file-type@21.0.0)(typescript@5.8.3))
      '@faker-js/faker':
        specifier: ^9.8.0
        version: 9.8.0
      '@react-email/components':
        specifier: ^0.0.41
        version: 0.0.41(react-dom@19.1.0(react@19.1.0))(react@19.1.0)
      '@types/ioredis-mock':
        specifier: ^8.2.6
        version: 8.2.6(ioredis@5.6.1)
      '@types/nodemailer':
        specifier: ^6.4.17
        version: 6.4.17
      bcryptjs:
        specifier: ^3.0.2
        version: 3.0.2
      bullmq:
        specifier: ^5.53.2
        version: 5.54.1
      elysia:
        specifier: ^1.3.4
        version: 1.3.5(exact-mirror@0.1.2(@sinclair/typebox@0.34.35))(file-type@21.0.0)(typescript@5.8.3)
      ioredis:
        specifier: ^5.6.1
        version: 5.6.1
      ioredis-mock:
        specifier: ^8.9.0
        version: 8.9.0(@types/ioredis-mock@8.2.6(ioredis@5.6.1))(ioredis@5.6.1)
      node-cron:
        specifier: ^4.1.0
        version: 4.1.0
      nodemailer:
        specifier: ^7.0.3
        version: 7.0.3
      prismabox:
        specifier: ^1.1.24
        version: 1.1.24
    devDependencies:
      bun-types:
        specifier: latest
        version: 1.2.16

packages:

  '@elysiajs/cors@1.3.3':
    resolution: {integrity: sha512-mYIU6PyMM6xIJuj7d27Vt0/wuzVKIEnFPjcvlkyd7t/m9xspAG37cwNjFxVOnyvY43oOd2I/oW2DB85utXpA2Q==}
    peerDependencies:
      elysia: '>= 1.3.0'

  '@elysiajs/jwt@1.3.1':
    resolution: {integrity: sha512-BVLAp0ER4839bR82ElgTsI7OoPxvFWP5u02KMgqpNoAM6xirJBYTKqANzY9ghuMfQoVEuD4B1/8lZwdPKAVg9Q==}
    peerDependencies:
      elysia: '>= 1.3.0'

  '@elysiajs/swagger@1.3.0':
    resolution: {integrity: sha512-0fo3FWkDRPNYpowJvLz3jBHe9bFe6gruZUyf+feKvUEEMG9ZHptO1jolSoPE0ffFw1BgN1/wMsP19p4GRXKdfg==}
    peerDependencies:
      elysia: '>= 1.3.0'

  '@faker-js/faker@9.8.0':
    resolution: {integrity: sha512-U9wpuSrJC93jZBxx/Qq2wPjCuYISBueyVUGK7qqdmj7r/nxaxwW8AQDCLeRO7wZnjj94sh3p246cAYjUKuqgfg==}
    engines: {node: '>=18.0.0', npm: '>=9.0.0'}

  '@ioredis/as-callback@3.0.0':
    resolution: {integrity: sha512-Kqv1rZ3WbgOrS+hgzJ5xG5WQuhvzzSTRYvNeyPMLOAM78MHSnuKI20JeJGbpuAt//LCuP0vsexZcorqW7kWhJg==}

  '@ioredis/commands@1.2.0':
    resolution: {integrity: sha512-Sx1pU8EM64o2BrqNpEO1CNLtKQwyhuXuqyfH7oGKCk+1a33d2r5saW8zNwm3j6BTExtjrv2BxTgzzkMwts6vGg==}

  '@msgpackr-extract/msgpackr-extract-darwin-arm64@3.0.3':
    resolution: {integrity: sha512-QZHtlVgbAdy2zAqNA9Gu1UpIuI8Xvsd1v8ic6B2pZmeFnFcMWiPLfWXh7TVw4eGEZ/C9TH281KwhVoeQUKbyjw==}
    cpu: [arm64]
    os: [darwin]

  '@msgpackr-extract/msgpackr-extract-darwin-x64@3.0.3':
    resolution: {integrity: sha512-mdzd3AVzYKuUmiWOQ8GNhl64/IoFGol569zNRdkLReh6LRLHOXxU4U8eq0JwaD8iFHdVGqSy4IjFL4reoWCDFw==}
    cpu: [x64]
    os: [darwin]

  '@msgpackr-extract/msgpackr-extract-linux-arm64@3.0.3':
    resolution: {integrity: sha512-YxQL+ax0XqBJDZiKimS2XQaf+2wDGVa1enVRGzEvLLVFeqa5kx2bWbtcSXgsxjQB7nRqqIGFIcLteF/sHeVtQg==}
    cpu: [arm64]
    os: [linux]

  '@msgpackr-extract/msgpackr-extract-linux-arm@3.0.3':
    resolution: {integrity: sha512-fg0uy/dG/nZEXfYilKoRe7yALaNmHoYeIoJuJ7KJ+YyU2bvY8vPv27f7UKhGRpY6euFYqEVhxCFZgAUNQBM3nw==}
    cpu: [arm]
    os: [linux]

  '@msgpackr-extract/msgpackr-extract-linux-x64@3.0.3':
    resolution: {integrity: sha512-cvwNfbP07pKUfq1uH+S6KJ7dT9K8WOE4ZiAcsrSes+UY55E/0jLYc+vq+DO7jlmqRb5zAggExKm0H7O/CBaesg==}
    cpu: [x64]
    os: [linux]

  '@msgpackr-extract/msgpackr-extract-win32-x64@3.0.3':
    resolution: {integrity: sha512-x0fWaQtYp4E6sktbsdAqnehxDgEc/VwM7uLsRCYWaiGu0ykYdZPiS8zCWdnjHwyiumousxfBm4SO31eXqwEZhQ==}
    cpu: [x64]
    os: [win32]

  '@prisma/debug@5.22.0':
    resolution: {integrity: sha512-AUt44v3YJeggO2ZU5BkXI7M4hu9BF2zzH2iF2V5pyXT/lRTyWiElZ7It+bRH1EshoMRxHgpYg4VB6rCM+mG5jQ==}

  '@prisma/generator-helper@5.22.0':
    resolution: {integrity: sha512-LwqcBQ5/QsuAaLNQZAIVIAJDJBMjHwMwn16e06IYx/3Okj/xEEfw9IvrqB2cJCl3b2mCBlh3eVH0w9WGmi4aHg==}

  '@react-email/body@0.0.11':
    resolution: {integrity: sha512-ZSD2SxVSgUjHGrB0Wi+4tu3MEpB4fYSbezsFNEJk2xCWDBkFiOeEsjTmR5dvi+CxTK691hQTQlHv0XWuP7ENTg==}
    peerDependencies:
      react: ^18.0 || ^19.0 || ^19.0.0-rc

  '@react-email/button@0.0.19':
    resolution: {integrity: sha512-HYHrhyVGt7rdM/ls6FuuD6XE7fa7bjZTJqB2byn6/oGsfiEZaogY77OtoLL/mrQHjHjZiJadtAMSik9XLcm7+A==}
    engines: {node: '>=18.0.0'}
    peerDependencies:
      react: ^18.0 || ^19.0 || ^19.0.0-rc

  '@react-email/code-block@0.0.13':
    resolution: {integrity: sha512-4DE4yPSgKEOnZMzcrDvRuD6mxsNxOex0hCYEG9F9q23geYgb2WCCeGBvIUXVzK69l703Dg4Vzrd5qUjl+JfcwA==}
    engines: {node: '>=18.0.0'}
    peerDependencies:
      react: ^18.0 || ^19.0 || ^19.0.0-rc

  '@react-email/code-inline@0.0.5':
    resolution: {integrity: sha512-MmAsOzdJpzsnY2cZoPHFPk6uDO/Ncpb4Kh1hAt9UZc1xOW3fIzpe1Pi9y9p6wwUmpaeeDalJxAxH6/fnTquinA==}
    engines: {node: '>=18.0.0'}
    peerDependencies:
      react: ^18.0 || ^19.0 || ^19.0.0-rc

  '@react-email/column@0.0.13':
    resolution: {integrity: sha512-Lqq17l7ShzJG/d3b1w/+lVO+gp2FM05ZUo/nW0rjxB8xBICXOVv6PqjDnn3FXKssvhO5qAV20lHM6S+spRhEwQ==}
    engines: {node: '>=18.0.0'}
    peerDependencies:
      react: ^18.0 || ^19.0 || ^19.0.0-rc

  '@react-email/components@0.0.41':
    resolution: {integrity: sha512-WUI3wHwra3QS0pwrovSU6b0I0f3TvY33ph0y44LuhSYDSQlMRyeOzgoT6HRDY5FXMDF57cHYq9WoKwpwP0yd7Q==}
    engines: {node: '>=18.0.0'}
    peerDependencies:
      react: ^18.0 || ^19.0 || ^19.0.0-rc

  '@react-email/container@0.0.15':
    resolution: {integrity: sha512-Qo2IQo0ru2kZq47REmHW3iXjAQaKu4tpeq/M8m1zHIVwKduL2vYOBQWbC2oDnMtWPmkBjej6XxgtZByxM6cCFg==}
    engines: {node: '>=18.0.0'}
    peerDependencies:
      react: ^18.0 || ^19.0 || ^19.0.0-rc

  '@react-email/font@0.0.9':
    resolution: {integrity: sha512-4zjq23oT9APXkerqeslPH3OZWuh5X4crHK6nx82mVHV2SrLba8+8dPEnWbaACWTNjOCbcLIzaC9unk7Wq2MIXw==}
    peerDependencies:
      react: ^18.0 || ^19.0 || ^19.0.0-rc

  '@react-email/head@0.0.12':
    resolution: {integrity: sha512-X2Ii6dDFMF+D4niNwMAHbTkeCjlYYnMsd7edXOsi0JByxt9wNyZ9EnhFiBoQdqkE+SMDcu8TlNNttMrf5sJeMA==}
    engines: {node: '>=18.0.0'}
    peerDependencies:
      react: ^18.0 || ^19.0 || ^19.0.0-rc

  '@react-email/heading@0.0.15':
    resolution: {integrity: sha512-xF2GqsvBrp/HbRHWEfOgSfRFX+Q8I5KBEIG5+Lv3Vb2R/NYr0s8A5JhHHGf2pWBMJdbP4B2WHgj/VUrhy8dkIg==}
    engines: {node: '>=18.0.0'}
    peerDependencies:
      react: ^18.0 || ^19.0 || ^19.0.0-rc

  '@react-email/hr@0.0.11':
    resolution: {integrity: sha512-S1gZHVhwOsd1Iad5IFhpfICwNPMGPJidG/Uysy1AwmspyoAP5a4Iw3OWEpINFdgh9MHladbxcLKO2AJO+cA9Lw==}
    engines: {node: '>=18.0.0'}
    peerDependencies:
      react: ^18.0 || ^19.0 || ^19.0.0-rc

  '@react-email/html@0.0.11':
    resolution: {integrity: sha512-qJhbOQy5VW5qzU74AimjAR9FRFQfrMa7dn4gkEXKMB/S9xZN8e1yC1uA9C15jkXI/PzmJ0muDIWmFwatm5/+VA==}
    engines: {node: '>=18.0.0'}
    peerDependencies:
      react: ^18.0 || ^19.0 || ^19.0.0-rc

  '@react-email/img@0.0.11':
    resolution: {integrity: sha512-aGc8Y6U5C3igoMaqAJKsCpkbm1XjguQ09Acd+YcTKwjnC2+0w3yGUJkjWB2vTx4tN8dCqQCXO8FmdJpMfOA9EQ==}
    engines: {node: '>=18.0.0'}
    peerDependencies:
      react: ^18.0 || ^19.0 || ^19.0.0-rc

  '@react-email/link@0.0.12':
    resolution: {integrity: sha512-vF+xxQk2fGS1CN7UPQDbzvcBGfffr+GjTPNiWM38fhBfsLv6A/YUfaqxWlmL7zLzVmo0K2cvvV9wxlSyNba1aQ==}
    engines: {node: '>=18.0.0'}
    peerDependencies:
      react: ^18.0 || ^19.0 || ^19.0.0-rc

  '@react-email/markdown@0.0.15':
    resolution: {integrity: sha512-UQA9pVm5sbflgtg3EX3FquUP4aMBzmLReLbGJ6DZQZnAskBF36aI56cRykDq1o+1jT+CKIK1CducPYziaXliag==}
    engines: {node: '>=18.0.0'}
    peerDependencies:
      react: ^18.0 || ^19.0 || ^19.0.0-rc

  '@react-email/preview@0.0.13':
    resolution: {integrity: sha512-F7j9FJ0JN/A4d7yr+aw28p4uX7VLWs7hTHtLo7WRyw4G+Lit6Zucq4UWKRxJC8lpsUdzVmG7aBJnKOT+urqs/w==}
    engines: {node: '>=18.0.0'}
    peerDependencies:
      react: ^18.0 || ^19.0 || ^19.0.0-rc

  '@react-email/render@1.1.2':
    resolution: {integrity: sha512-RnRehYN3v9gVlNMehHPHhyp2RQo7+pSkHDtXPvg3s0GbzM9SQMW4Qrf8GRNvtpLC4gsI+Wt0VatNRUFqjvevbw==}
    engines: {node: '>=18.0.0'}
    peerDependencies:
      react: ^18.0 || ^19.0 || ^19.0.0-rc
      react-dom: ^18.0 || ^19.0 || ^19.0.0-rc

  '@react-email/row@0.0.12':
    resolution: {integrity: sha512-HkCdnEjvK3o+n0y0tZKXYhIXUNPDx+2vq1dJTmqappVHXS5tXS6W5JOPZr5j+eoZ8gY3PShI2LWj5rWF7ZEtIQ==}
    engines: {node: '>=18.0.0'}
    peerDependencies:
      react: ^18.0 || ^19.0 || ^19.0.0-rc

  '@react-email/section@0.0.16':
    resolution: {integrity: sha512-FjqF9xQ8FoeUZYKSdt8sMIKvoT9XF8BrzhT3xiFKdEMwYNbsDflcjfErJe3jb7Wj/es/lKTbV5QR1dnLzGpL3w==}
    engines: {node: '>=18.0.0'}
    peerDependencies:
      react: ^18.0 || ^19.0 || ^19.0.0-rc

  '@react-email/tailwind@1.0.5':
    resolution: {integrity: sha512-BH00cZSeFfP9HiDASl+sPHi7Hh77W5nzDgdnxtsVr/m3uQD9g180UwxcE3PhOfx0vRdLzQUU8PtmvvDfbztKQg==}
    engines: {node: '>=18.0.0'}
    peerDependencies:
      react: ^18.0 || ^19.0 || ^19.0.0-rc

  '@react-email/text@0.1.4':
    resolution: {integrity: sha512-cMNE02y8172DocpNGh97uV5HSTawaS4CKG/zOku8Pu+m6ehBKbAjgtQZDIxhgstw8+TWraFB8ltS1DPjfG8nLA==}
    engines: {node: '>=18.0.0'}
    peerDependencies:
      react: ^18.0 || ^19.0 || ^19.0.0-rc

  '@scalar/openapi-types@0.1.1':
    resolution: {integrity: sha512-NMy3QNk6ytcCoPUGJH0t4NNr36OWXgZhA3ormr3TvhX1NDgoF95wFyodGVH8xiHeUyn2/FxtETm8UBLbB5xEmg==}
    engines: {node: '>=18'}

  '@scalar/openapi-types@0.2.0':
    resolution: {integrity: sha512-waiKk12cRCqyUCWTOX0K1WEVX46+hVUK+zRPzAahDJ7G0TApvbNkuy5wx7aoUyEk++HHde0XuQnshXnt8jsddA==}
    engines: {node: '>=18'}

  '@scalar/themes@0.9.86':
    resolution: {integrity: sha512-QUHo9g5oSWi+0Lm1vJY9TaMZRau8LHg+vte7q5BVTBnu6NuQfigCaN+ouQ73FqIVd96TwMO6Db+dilK1B+9row==}
    engines: {node: '>=18'}

  '@scalar/types@0.0.12':
    resolution: {integrity: sha512-XYZ36lSEx87i4gDqopQlGCOkdIITHHEvgkuJFrXFATQs9zHARop0PN0g4RZYWj+ZpCUclOcaOjbCt8JGe22mnQ==}
    engines: {node: '>=18'}

  '@scalar/types@0.1.7':
    resolution: {integrity: sha512-irIDYzTQG2KLvFbuTI8k2Pz/R4JR+zUUSykVTbEMatkzMmVFnn1VzNSMlODbadycwZunbnL2tA27AXed9URVjw==}
    engines: {node: '>=18'}

  '@selderee/plugin-htmlparser2@0.11.0':
    resolution: {integrity: sha512-P33hHGdldxGabLFjPPpaTxVolMrzrcegejx+0GxjrIb9Zv48D8yAIA/QTDR2dFl7Uz7urX8aX6+5bCZslr+gWQ==}

  '@sinclair/typebox@0.34.35':
    resolution: {integrity: sha512-C6ypdODf2VZkgRT6sFM8E1F8vR+HcffniX0Kp8MsU8PIfrlXbNCBz0jzj17GjdmjTx1OtZzdH8+iALL21UjF5A==}

  '@tokenizer/inflate@0.2.7':
    resolution: {integrity: sha512-MADQgmZT1eKjp06jpI2yozxaU9uVs4GzzgSL+uEq7bVcJ9V1ZXQkeGNql1fsSI0gMy1vhvNTNbUqrx+pZfJVmg==}
    engines: {node: '>=18'}

  '@tokenizer/token@0.3.0':
    resolution: {integrity: sha512-OvjF+z51L3ov0OyAU0duzsYuvO01PH7x4t6DJx+guahgTnBHkhJdG7soQeTSFLWN3efnHyibZ4Z8l2EuWwJN3A==}

  '@types/ioredis-mock@8.2.6':
    resolution: {integrity: sha512-5heqtZMvQ4nXARY0o8rc8cjkJjct2ScM12yCJ/h731S9He93a2cv+kAhwPCNwTKDfNH9gjRfLG4VpAEYJU0/gQ==}
    peerDependencies:
      ioredis: '>=5'

  '@types/node@24.0.3':
    resolution: {integrity: sha512-R4I/kzCYAdRLzfiCabn9hxWfbuHS573x+r0dJMkkzThEa7pbrcDWK+9zu3e7aBOouf+rQAciqPFMnxwr0aWgKg==}

  '@types/nodemailer@6.4.17':
    resolution: {integrity: sha512-I9CCaIp6DTldEg7vyUTZi8+9Vo0hi1/T8gv3C89yk1rSAAzoKQ8H8ki/jBYJSFoH/BisgLP8tkZMlQ91CIquww==}

  '@unhead/schema@1.11.20':
    resolution: {integrity: sha512-0zWykKAaJdm+/Y7yi/Yds20PrUK7XabLe9c3IRcjnwYmSWY6z0Cr19VIs3ozCj8P+GhR+/TI2mwtGlueCEYouA==}

  bcryptjs@3.0.2:
    resolution: {integrity: sha512-k38b3XOZKv60C4E2hVsXTolJWfkGRMbILBIe2IBITXciy5bOsTKot5kDrf3ZfufQtQOUN5mXceUEpU1rTl9Uog==}
    hasBin: true

  bullmq@5.54.1:
    resolution: {integrity: sha512-0CQEWd70S0tiJrwa1pC6GAZ4AnIpDpQBXCGp2jigGZSFDfA9uupaFyPtDW+Cl9OdHZQ8djATywrIYw5MDmTIMw==}

  bun-types@1.2.16:
    resolution: {integrity: sha512-ciXLrHV4PXax9vHvUrkvun9VPVGOVwbbbBF/Ev1cXz12lyEZMoJpIJABOfPcN9gDJRaiKF9MVbSygLg4NXu3/A==}

  cluster-key-slot@1.1.2:
    resolution: {integrity: sha512-RMr0FhtfXemyinomL4hrWcYJxmX6deFdCxpJzhDttxgO1+bcCnkk+9drydLVDmAMG7NE6aN/fl4F7ucU/90gAA==}
    engines: {node: '>=0.10.0'}

  cookie@1.0.2:
    resolution: {integrity: sha512-9Kr/j4O16ISv8zBBhJoi4bXOYNTkFLOqSL3UDB0njXxCXNezjeyVrJyGOWtgfs/q2km1gwBcfH8q1yEGoMYunA==}
    engines: {node: '>=18'}

  cron-parser@4.9.0:
    resolution: {integrity: sha512-p0SaNjrHOnQeR8/VnfGbmg9te2kfyYSQ7Sc/j/6DtPL3JQvKxmjO9TSjNFpujqV3vEYYBvNNvXSxzyksBWAx1Q==}
    engines: {node: '>=12.0.0'}

  debug@4.4.1:
    resolution: {integrity: sha512-KcKCqiftBJcZr++7ykoDIEwSa3XWowTfNPo92BYxjXiyYEVrUQh2aLyhxBCwww+heortUFxEJYcRzosstTEBYQ==}
    engines: {node: '>=6.0'}
    peerDependencies:
      supports-color: '*'
    peerDependenciesMeta:
      supports-color:
        optional: true

  deepmerge@4.3.1:
    resolution: {integrity: sha512-3sUqbMEc77XqpdNO7FRyRog+eW3ph+GYCbj+rK+uYyRMuwsVy0rMiVtPn+QJlKFvWP/1PYpapqYn0Me2knFn+A==}
    engines: {node: '>=0.10.0'}

  denque@2.1.0:
    resolution: {integrity: sha512-HVQE3AAb/pxF8fQAoiqpvg9i3evqug3hoiwakOyZAwJm+6vZehbkYXZ0l4JxS+I3QxM97v5aaRNhj8v5oBhekw==}
    engines: {node: '>=0.10'}

  detect-libc@2.0.4:
    resolution: {integrity: sha512-3UDv+G9CsCKO1WKMGw9fwq/SWJYbI0c5Y7LU1AXYoDdbhE2AHQ6N6Nb34sG8Fj7T5APy8qXDCKuuIHd1BR0tVA==}
    engines: {node: '>=8'}

  dom-serializer@2.0.0:
    resolution: {integrity: sha512-wIkAryiqt/nV5EQKqQpo3SToSOV9J0DnbJqwK7Wv/Trc92zIAYZ4FlMu+JPFW1DfGFt81ZTCGgDEabffXeLyJg==}

  domelementtype@2.3.0:
    resolution: {integrity: sha512-OLETBj6w0OsagBwdXnPdN0cnMfF9opN69co+7ZrbfPGrdpPVNBUj02spi6B1N7wChLQiPn4CSH/zJvXw56gmHw==}

  domhandler@5.0.3:
    resolution: {integrity: sha512-cgwlv/1iFQiFnU96XXgROh8xTeetsnJiDsTc7TYCLFd9+/WNkIqPTxiM/8pSd8VIrhXGTf1Ny1q1hquVqDJB5w==}
    engines: {node: '>= 4'}

  domutils@3.2.2:
    resolution: {integrity: sha512-6kZKyUajlDuqlHKVX1w7gyslj9MPIXzIFiz/rGu35uC1wMi+kMhQwGhl4lt9unC9Vb9INnY9Z3/ZA3+FhASLaw==}

  elysia@1.3.5:
    resolution: {integrity: sha512-XVIKXlKFwUT7Sta8GY+wO5reD9I0rqAEtaz1Z71UgJb61csYt8Q3W9al8rtL5RgumuRR8e3DNdzlUN9GkC4KDw==}
    peerDependencies:
      exact-mirror: '>= 0.0.9'
      file-type: '>= 20.0.0'
      typescript: '>= 5.0.0'

  entities@4.5.0:
    resolution: {integrity: sha512-V0hjH4dGPh9Ao5p0MoRY6BVqtwCjhz6vI5LT8AJ55H+4g9/4vbHx1I54fS0XuclLhDHArPQCiMjDxjaL8fPxhw==}
    engines: {node: '>=0.12'}

  exact-mirror@0.1.2:
    resolution: {integrity: sha512-wFCPCDLmHbKGUb8TOi/IS7jLsgR8WVDGtDK3CzcB4Guf/weq7G+I+DkXiRSZfbemBFOxOINKpraM6ml78vo8Zw==}
    peerDependencies:
      '@sinclair/typebox': ^0.34.15
    peerDependenciesMeta:
      '@sinclair/typebox':
        optional: true

  fast-decode-uri-component@1.0.1:
    resolution: {integrity: sha512-WKgKWg5eUxvRZGwW8FvfbaH7AXSh2cL+3j5fMGzUMCxWBJ3dV3a7Wz8y2f/uQ0e3B6WmodD3oS54jTQ9HVTIIg==}

  fast-deep-equal@2.0.1:
    resolution: {integrity: sha512-bCK/2Z4zLidyB4ReuIsvALH6w31YfAQDmXMqMx6FyfHqvBxtjC0eRumeSu4Bs3XtXwpyIywtSTrVT99BxY1f9w==}

  fengari-interop@0.1.3:
    resolution: {integrity: sha512-EtZ+oTu3kEwVJnoymFPBVLIbQcCoy9uWCVnMA6h3M/RqHkUBsLYp29+RRHf9rKr6GwjubWREU1O7RretFIXjHw==}
    peerDependencies:
      fengari: ^0.1.0

  fengari@0.1.4:
    resolution: {integrity: sha512-6ujqUuiIYmcgkGz8MGAdERU57EIluGGPSUgGPTsco657EHa+srq0S3/YUl/r9kx1+D+d4rGfYObd+m8K22gB1g==}

  fflate@0.8.2:
    resolution: {integrity: sha512-cPJU47OaAoCbg0pBvzsgpTPhmhqI5eJjh/JIu8tPj5q+T7iLvW/JAYUqmE7KOB4R1ZyEhzBaIQpQpardBF5z8A==}

  file-type@21.0.0:
    resolution: {integrity: sha512-ek5xNX2YBYlXhiUXui3D/BXa3LdqPmoLJ7rqEx2bKJ7EAUEfmXgW0Das7Dc6Nr9MvqaOnIqiPV0mZk/r/UpNAg==}
    engines: {node: '>=20'}

  hookable@5.5.3:
    resolution: {integrity: sha512-Yc+BQe8SvoXH1643Qez1zqLRmbA5rCL+sSmk6TVos0LWVfNIB7PGncdlId77WzLGSIB5KaWgTaNTs2lNVEI6VQ==}

  html-to-text@9.0.5:
    resolution: {integrity: sha512-qY60FjREgVZL03vJU6IfMV4GDjGBIoOyvuFdpBDIX9yTlDw0TjxVBQp+P8NvpdIXNJvfWBTNul7fsAQJq2FNpg==}
    engines: {node: '>=14'}

  htmlparser2@8.0.2:
    resolution: {integrity: sha512-GYdjWKDkbRLkZ5geuHs5NY1puJ+PXwP7+fHPRz06Eirsb9ugf6d8kkXav6ADhcODhFFPMIXyxkxSuMf3D6NCFA==}

  ieee754@1.2.1:
    resolution: {integrity: sha512-dcyqhDvX1C46lXZcVqCpK+FtMRQVdIMN6/Df5js2zouUsqG7I6sFxitIC+7KYK29KdXOLHdu9zL4sFnoVQnqaA==}

  ioredis-mock@8.9.0:
    resolution: {integrity: sha512-yIglcCkI1lvhwJVoMsR51fotZVsPsSk07ecTCgRTRlicG0Vq3lke6aAaHklyjmRNRsdYAgswqC2A0bPtQK4LSw==}
    engines: {node: '>=12.22'}
    peerDependencies:
      '@types/ioredis-mock': ^8
      ioredis: ^5

  ioredis@5.6.1:
    resolution: {integrity: sha512-UxC0Yv1Y4WRJiGQxQkP0hfdL0/5/6YvdfOOClRgJ0qppSarkhneSa6UvkMkms0AkdGimSH3Ikqm+6mkMmX7vGA==}
    engines: {node: '>=12.22.0'}

  jose@6.0.11:
    resolution: {integrity: sha512-QxG7EaliDARm1O1S8BGakqncGT9s25bKL1WSf6/oa17Tkqwi8D2ZNglqCF+DsYF88/rV66Q/Q2mFAy697E1DUg==}

  leac@0.6.0:
    resolution: {integrity: sha512-y+SqErxb8h7nE/fiEX07jsbuhrpO9lL8eca7/Y1nuWV2moNlXhyd59iDGcRf6moVyDMbmTNzL40SUyrFU/yDpg==}

  lodash.defaults@4.2.0:
    resolution: {integrity: sha512-qjxPLHd3r5DnsdGacqOMU6pb/avJzdh9tFX2ymgoZE27BmjXrNy/y4LoaiTeAb+O3gL8AfpJGtqfX/ae2leYYQ==}

  lodash.isarguments@3.1.0:
    resolution: {integrity: sha512-chi4NHZlZqZD18a0imDHnZPrDeBbTtVN7GXMwuGdRH9qotxAjYs3aVLKc7zNOG9eddR5Ksd8rvFEBc9SsggPpg==}

  luxon@3.6.1:
    resolution: {integrity: sha512-tJLxrKJhO2ukZ5z0gyjY1zPh3Rh88Ej9P7jNrZiHMUXHae1yvI2imgOZtL1TO8TW6biMMKfTtAOoEJANgtWBMQ==}
    engines: {node: '>=12'}

  marked@7.0.4:
    resolution: {integrity: sha512-t8eP0dXRJMtMvBojtkcsA7n48BkauktUKzfkPSCq85ZMTJ0v76Rke4DYz01omYpPTUh4p/f7HePgRo3ebG8+QQ==}
    engines: {node: '>= 16'}
    hasBin: true

  md-to-react-email@5.0.5:
    resolution: {integrity: sha512-OvAXqwq57uOk+WZqFFNCMZz8yDp8BD3WazW1wAKHUrPbbdr89K9DWS6JXY09vd9xNdPNeurI8DU/X4flcfaD8A==}
    peerDependencies:
      react: ^18.0 || ^19.0

  ms@2.1.3:
    resolution: {integrity: sha512-6FlzubTLZG3J2a/NVCAleEhjzq5oxgHyaCU9yYXvcLsvoVaHJq/s5xXI6/XXP6tz7R9xAOtHnSO/tXtF3WRTlA==}

  msgpackr-extract@3.0.3:
    resolution: {integrity: sha512-P0efT1C9jIdVRefqjzOQ9Xml57zpOXnIuS+csaB4MdZbTdmGDLo8XhzBG1N7aO11gKDDkJvBLULeFTo46wwreA==}
    hasBin: true

  msgpackr@1.11.4:
    resolution: {integrity: sha512-uaff7RG9VIC4jacFW9xzL3jc0iM32DNHe4jYVycBcjUePT/Klnfj7pqtWJt9khvDFizmjN2TlYniYmSS2LIaZg==}

  nanoid@5.1.5:
    resolution: {integrity: sha512-Ir/+ZpE9fDsNH0hQ3C68uyThDXzYcim2EqcZ8zn8Chtt1iylPT9xXJB0kPCnqzgcEGikO9RxSrh63MsmVCU7Fw==}
    engines: {node: ^18 || >=20}
    hasBin: true

  node-abort-controller@3.1.1:
    resolution: {integrity: sha512-AGK2yQKIjRuqnc6VkX2Xj5d+QW8xZ87pa1UK6yA6ouUyuxfHuMP6umE5QK7UmTeOAymo+Zx1Fxiuw9rVx8taHQ==}

  node-cron@4.1.0:
    resolution: {integrity: sha512-OS+3ORu+h03/haS6Di8Qr7CrVs4YaKZZOynZwQpyPZDnR3tqRbwJmuP2gVR16JfhLgyNlloAV1VTrrWlRogCFA==}
    engines: {node: '>=6.0.0'}

  node-gyp-build-optional-packages@5.2.2:
    resolution: {integrity: sha512-s+w+rBWnpTMwSFbaE0UXsRlg7hU4FjekKU4eyAih5T8nJuNZT1nNsskXpxmeqSK9UzkBl6UgRlnKc8hz8IEqOw==}
    hasBin: true

  nodemailer@7.0.3:
    resolution: {integrity: sha512-Ajq6Sz1x7cIK3pN6KesGTah+1gnwMnx5gKl3piQlQQE/PwyJ4Mbc8is2psWYxK3RJTVeqsDaCv8ZzXLCDHMTZw==}
    engines: {node: '>=6.0.0'}

  openapi-types@12.1.3:
    resolution: {integrity: sha512-N4YtSYJqghVu4iek2ZUvcN/0aqH1kRDuNqzcycDxhOUpg7GdvLa2F3DgS6yBNhInhv2r/6I0Flkn7CqL8+nIcw==}

  os-tmpdir@1.0.2:
    resolution: {integrity: sha512-D2FR03Vir7FIu45XBY20mTb+/ZSWB00sjU9jdQXt83gDrI4Ztz5Fs7/yy74g2N5SVQY4xY1qDr4rNddwYRVX0g==}
    engines: {node: '>=0.10.0'}

  parseley@0.12.1:
    resolution: {integrity: sha512-e6qHKe3a9HWr0oMRVDTRhKce+bRO8VGQR3NyVwcjwrbhMmFCX9KszEV35+rn4AdilFAq9VPxP/Fe1wC9Qjd2lw==}

  pathe@1.1.2:
    resolution: {integrity: sha512-whLdWMYL2TwI08hn8/ZqAbrVemu0LNaNNJZX73O6qaIdCTfXutsLhMkjdENX0qhsQ9uIimo4/aQOmXkoon2nDQ==}

  peberminta@0.9.0:
    resolution: {integrity: sha512-XIxfHpEuSJbITd1H3EeQwpcZbTLHc+VVr8ANI9t5sit565tsI4/xK3KWTUFE2e6QiangUkh3B0jihzmGnNrRsQ==}

  prettier@3.5.3:
    resolution: {integrity: sha512-QQtaxnoDJeAkDvDKWCLiwIXkTgRhwYDEQCghU9Z6q03iyek/rxRh/2lC3HB7P8sWT2xC/y5JDctPLBIGzHKbhw==}
    engines: {node: '>=14'}
    hasBin: true

  prismabox@1.1.24:
    resolution: {integrity: sha512-hCXIUyaAdTMtEt6+WxTKVjDFw3NDYjFr0JQ2A1GnJkKdpjIvxhheKoMQSSpovA9hZENcajGkOviGuRIdjb+QDw==}
    hasBin: true

  prismjs@1.30.0:
    resolution: {integrity: sha512-DEvV2ZF2r2/63V+tK8hQvrR2ZGn10srHbXviTlcv7Kpzw8jWiNTqbVgjO3IY8RxrrOUF8VPMQQFysYYYv0YZxw==}
    engines: {node: '>=6'}

  react-dom@19.1.0:
    resolution: {integrity: sha512-Xs1hdnE+DyKgeHJeJznQmYMIBG3TKIHJJT95Q58nHLSrElKlGQqDTR2HQ9fx5CN/Gk6Vh/kupBTDLU11/nDk/g==}
    peerDependencies:
      react: ^19.1.0

  react-promise-suspense@0.3.4:
    resolution: {integrity: sha512-I42jl7L3Ze6kZaq+7zXWSunBa3b1on5yfvUW6Eo/3fFOj6dZ5Bqmcd264nJbTK/gn1HjjILAjSwnZbV4RpSaNQ==}

  react@19.1.0:
    resolution: {integrity: sha512-FS+XFBNvn3GTAWq26joslQgWNoFu08F4kl0J4CgdNKADkdSGXQyTCnKteIAJy96Br6YbpEU1LSzV5dYtjMkMDg==}
    engines: {node: '>=0.10.0'}

  readline-sync@1.4.10:
    resolution: {integrity: sha512-gNva8/6UAe8QYepIQH/jQ2qn91Qj0B9sYjMBBs3QOB8F2CXcKgLxQaJRP76sWVRQt+QU+8fAkCbCvjjMFu7Ycw==}
    engines: {node: '>= 0.8.0'}

  redis-errors@1.2.0:
    resolution: {integrity: sha512-1qny3OExCf0UvUV/5wpYKf2YwPcOqXzkwKKSmKHiE6ZMQs5heeE/c8eXK+PNllPvmjgAbfnsbpkGZWy8cBpn9w==}
    engines: {node: '>=4'}

  redis-parser@3.0.0:
    resolution: {integrity: sha512-DJnGAeenTdpMEH6uAJRK/uiyEIH9WVsUmoLwzudwGJUwZPp80PDBWPHXSAGNPwNvIXAbe7MSUB1zQFugFml66A==}
    engines: {node: '>=4'}

  scheduler@0.26.0:
    resolution: {integrity: sha512-NlHwttCI/l5gCPR3D1nNXtWABUmBwvZpEQiD4IXSbIDq8BzLIK/7Ir5gTFSGZDUu37K5cMNp0hFtzO38sC7gWA==}

  selderee@0.11.0:
    resolution: {integrity: sha512-5TF+l7p4+OsnP8BCCvSyZiSPc4x4//p5uPwK8TCnVPJYRmU2aYKMpOXvw8zM5a5JvuuCGN1jmsMwuU2W02ukfA==}

  semver@7.7.2:
    resolution: {integrity: sha512-RF0Fw+rO5AMf9MAyaRXI4AV0Ulj5lMHqVxxdSgiVbixSCXoEmmX/jk0CuJw4+3SqroYO9VoUh+HcuJivvtJemA==}
    engines: {node: '>=10'}
    hasBin: true

  sprintf-js@1.1.3:
    resolution: {integrity: sha512-Oo+0REFV59/rz3gfJNKQiBlwfHaSESl1pcGyABQsnnIfWOFt6JNj5gCog2U6MLZ//IGYD+nA8nI+mTShREReaA==}

  standard-as-callback@2.1.0:
    resolution: {integrity: sha512-qoRRSyROncaz1z0mvYqIE4lCd9p2R90i6GxW3uZv5ucSu8tU7B5HXUP1gG8pVZsYNVaXjk8ClXHPttLyxAL48A==}

  strtok3@10.3.1:
    resolution: {integrity: sha512-3JWEZM6mfix/GCJBBUrkA8p2Id2pBkyTkVCJKto55w080QBKZ+8R171fGrbiSp+yMO/u6F8/yUh7K4V9K+YCnw==}
    engines: {node: '>=18'}

  tmp@0.0.33:
    resolution: {integrity: sha512-jRCJlojKnZ3addtTOjdIqoRuPEKBvNXcGYqzO6zWZX8KfKEpnGY5jfggJQ3EjKuu8D4bJRr0y+cYJFmYbImXGw==}
    engines: {node: '>=0.6.0'}

  token-types@6.0.0:
    resolution: {integrity: sha512-lbDrTLVsHhOMljPscd0yitpozq7Ga2M5Cvez5AjGg8GASBjtt6iERCAJ93yommPmz62fb45oFIXHEZ3u9bfJEA==}
    engines: {node: '>=14.16'}

  tslib@2.8.1:
    resolution: {integrity: sha512-oJFu94HQb+KVduSUQL7wnpmqnfmLsOA/nAh6b6EH0wCEoK0/mPeXU6c3wKDV83MkOuHPRHtSXKKU99IBazS/2w==}

  type-fest@4.41.0:
    resolution: {integrity: sha512-TeTSQ6H5YHvpqVwBRcnLDCBnDOHWYu7IvGbHT6N8AOymcr9PJGjc1GTtiWZTYg0NCgYwvnYWEkVChQAr9bjfwA==}
    engines: {node: '>=16'}

  typescript@5.8.3:
    resolution: {integrity: sha512-p1diW6TqL9L07nNxvRMM7hMMw4c5XOo/1ibL4aAIGmSAt9slTE1Xgw5KWuof2uTOvCg9BY7ZRi+GaF+7sfgPeQ==}
    engines: {node: '>=14.17'}
    hasBin: true

  uint8array-extras@1.4.0:
    resolution: {integrity: sha512-ZPtzy0hu4cZjv3z5NW9gfKnNLjoz4y6uv4HlelAjDK7sY/xOkKZv9xK/WQpcsBB3jEybChz9DPC2U/+cusjJVQ==}
    engines: {node: '>=18'}

  undici-types@7.8.0:
    resolution: {integrity: sha512-9UJ2xGDvQ43tYyVMpuHlsgApydB8ZKfVYTsLDhXkFL/6gfkp+U8xTGdh8pMJv1SpZna0zxG1DwsKZsreLbXBxw==}

  uuid@9.0.1:
    resolution: {integrity: sha512-b+1eJOlsR9K8HJpow9Ok3fiWOWSIcIzXodvv0rQjVoOVNpWMpxf1wZNpt4y9h10odCNrqnYp1OBzRktckBe3sA==}
    hasBin: true

  zhead@2.2.4:
    resolution: {integrity: sha512-8F0OI5dpWIA5IGG5NHUg9staDwz/ZPxZtvGVf01j7vHqSyZ0raHY+78atOVxRqb73AotX22uV1pXt3gYSstGag==}

  zod@3.25.67:
    resolution: {integrity: sha512-idA2YXwpCdqUSKRCACDE6ItZD9TZzy3OZMtpfLoh6oPR47lipysRrJfjzMqFxQ3uJuUPyUeWe1r9vLH33xO/Qw==}

snapshots:

  '@elysiajs/cors@1.3.3(elysia@1.3.5(exact-mirror@0.1.2(@sinclair/typebox@0.34.35))(file-type@21.0.0)(typescript@5.8.3))':
    dependencies:
      elysia: 1.3.5(exact-mirror@0.1.2(@sinclair/typebox@0.34.35))(file-type@21.0.0)(typescript@5.8.3)

  '@elysiajs/jwt@1.3.1(elysia@1.3.5(exact-mirror@0.1.2(@sinclair/typebox@0.34.35))(file-type@21.0.0)(typescript@5.8.3))':
    dependencies:
      elysia: 1.3.5(exact-mirror@0.1.2(@sinclair/typebox@0.34.35))(file-type@21.0.0)(typescript@5.8.3)
      jose: 6.0.11

  '@elysiajs/swagger@1.3.0(elysia@1.3.5(exact-mirror@0.1.2(@sinclair/typebox@0.34.35))(file-type@21.0.0)(typescript@5.8.3))':
    dependencies:
      '@scalar/themes': 0.9.86
      '@scalar/types': 0.0.12
      elysia: 1.3.5(exact-mirror@0.1.2(@sinclair/typebox@0.34.35))(file-type@21.0.0)(typescript@5.8.3)
      openapi-types: 12.1.3
      pathe: 1.1.2

  '@faker-js/faker@9.8.0': {}

  '@ioredis/as-callback@3.0.0': {}

  '@ioredis/commands@1.2.0': {}

  '@msgpackr-extract/msgpackr-extract-darwin-arm64@3.0.3':
    optional: true

  '@msgpackr-extract/msgpackr-extract-darwin-x64@3.0.3':
    optional: true

  '@msgpackr-extract/msgpackr-extract-linux-arm64@3.0.3':
    optional: true

  '@msgpackr-extract/msgpackr-extract-linux-arm@3.0.3':
    optional: true

  '@msgpackr-extract/msgpackr-extract-linux-x64@3.0.3':
    optional: true

  '@msgpackr-extract/msgpackr-extract-win32-x64@3.0.3':
    optional: true

  '@prisma/debug@5.22.0': {}

  '@prisma/generator-helper@5.22.0':
    dependencies:
      '@prisma/debug': 5.22.0

  '@react-email/body@0.0.11(react@19.1.0)':
    dependencies:
      react: 19.1.0

  '@react-email/button@0.0.19(react@19.1.0)':
    dependencies:
      react: 19.1.0

  '@react-email/code-block@0.0.13(react@19.1.0)':
    dependencies:
      prismjs: 1.30.0
      react: 19.1.0

  '@react-email/code-inline@0.0.5(react@19.1.0)':
    dependencies:
      react: 19.1.0

  '@react-email/column@0.0.13(react@19.1.0)':
    dependencies:
      react: 19.1.0

  '@react-email/components@0.0.41(react-dom@19.1.0(react@19.1.0))(react@19.1.0)':
    dependencies:
      '@react-email/body': 0.0.11(react@19.1.0)
      '@react-email/button': 0.0.19(react@19.1.0)
      '@react-email/code-block': 0.0.13(react@19.1.0)
      '@react-email/code-inline': 0.0.5(react@19.1.0)
      '@react-email/column': 0.0.13(react@19.1.0)
      '@react-email/container': 0.0.15(react@19.1.0)
      '@react-email/font': 0.0.9(react@19.1.0)
      '@react-email/head': 0.0.12(react@19.1.0)
      '@react-email/heading': 0.0.15(react@19.1.0)
      '@react-email/hr': 0.0.11(react@19.1.0)
      '@react-email/html': 0.0.11(react@19.1.0)
      '@react-email/img': 0.0.11(react@19.1.0)
      '@react-email/link': 0.0.12(react@19.1.0)
      '@react-email/markdown': 0.0.15(react@19.1.0)
      '@react-email/preview': 0.0.13(react@19.1.0)
      '@react-email/render': 1.1.2(react-dom@19.1.0(react@19.1.0))(react@19.1.0)
      '@react-email/row': 0.0.12(react@19.1.0)
      '@react-email/section': 0.0.16(react@19.1.0)
      '@react-email/tailwind': 1.0.5(react@19.1.0)
      '@react-email/text': 0.1.4(react@19.1.0)
      react: 19.1.0
    transitivePeerDependencies:
      - react-dom

  '@react-email/container@0.0.15(react@19.1.0)':
    dependencies:
      react: 19.1.0

  '@react-email/font@0.0.9(react@19.1.0)':
    dependencies:
      react: 19.1.0

  '@react-email/head@0.0.12(react@19.1.0)':
    dependencies:
      react: 19.1.0

  '@react-email/heading@0.0.15(react@19.1.0)':
    dependencies:
      react: 19.1.0

  '@react-email/hr@0.0.11(react@19.1.0)':
    dependencies:
      react: 19.1.0

  '@react-email/html@0.0.11(react@19.1.0)':
    dependencies:
      react: 19.1.0

  '@react-email/img@0.0.11(react@19.1.0)':
    dependencies:
      react: 19.1.0

  '@react-email/link@0.0.12(react@19.1.0)':
    dependencies:
      react: 19.1.0

  '@react-email/markdown@0.0.15(react@19.1.0)':
    dependencies:
      md-to-react-email: 5.0.5(react@19.1.0)
      react: 19.1.0

  '@react-email/preview@0.0.13(react@19.1.0)':
    dependencies:
      react: 19.1.0

  '@react-email/render@1.1.2(react-dom@19.1.0(react@19.1.0))(react@19.1.0)':
    dependencies:
      html-to-text: 9.0.5
      prettier: 3.5.3
      react: 19.1.0
      react-dom: 19.1.0(react@19.1.0)
      react-promise-suspense: 0.3.4

  '@react-email/row@0.0.12(react@19.1.0)':
    dependencies:
      react: 19.1.0

  '@react-email/section@0.0.16(react@19.1.0)':
    dependencies:
      react: 19.1.0

  '@react-email/tailwind@1.0.5(react@19.1.0)':
    dependencies:
      react: 19.1.0

  '@react-email/text@0.1.4(react@19.1.0)':
    dependencies:
      react: 19.1.0

  '@scalar/openapi-types@0.1.1': {}

  '@scalar/openapi-types@0.2.0':
    dependencies:
      zod: 3.25.67

  '@scalar/themes@0.9.86':
    dependencies:
      '@scalar/types': 0.1.7

  '@scalar/types@0.0.12':
    dependencies:
      '@scalar/openapi-types': 0.1.1
      '@unhead/schema': 1.11.20

  '@scalar/types@0.1.7':
    dependencies:
      '@scalar/openapi-types': 0.2.0
      '@unhead/schema': 1.11.20
      nanoid: 5.1.5
      type-fest: 4.41.0
      zod: 3.25.67

  '@selderee/plugin-htmlparser2@0.11.0':
    dependencies:
      domhandler: 5.0.3
      selderee: 0.11.0

  '@sinclair/typebox@0.34.35': {}

  '@tokenizer/inflate@0.2.7':
    dependencies:
      debug: 4.4.1
      fflate: 0.8.2
      token-types: 6.0.0
    transitivePeerDependencies:
      - supports-color

  '@tokenizer/token@0.3.0': {}

  '@types/ioredis-mock@8.2.6(ioredis@5.6.1)':
    dependencies:
      ioredis: 5.6.1

  '@types/node@24.0.3':
    dependencies:
      undici-types: 7.8.0

  '@types/nodemailer@6.4.17':
    dependencies:
      '@types/node': 24.0.3

  '@unhead/schema@1.11.20':
    dependencies:
      hookable: 5.5.3
      zhead: 2.2.4

  bcryptjs@3.0.2: {}

  bullmq@5.54.1:
    dependencies:
      cron-parser: 4.9.0
      ioredis: 5.6.1
      msgpackr: 1.11.4
      node-abort-controller: 3.1.1
      semver: 7.7.2
      tslib: 2.8.1
      uuid: 9.0.1
    transitivePeerDependencies:
      - supports-color

  bun-types@1.2.16:
    dependencies:
      '@types/node': 24.0.3

  cluster-key-slot@1.1.2: {}

  cookie@1.0.2: {}

  cron-parser@4.9.0:
    dependencies:
      luxon: 3.6.1

  debug@4.4.1:
    dependencies:
      ms: 2.1.3

  deepmerge@4.3.1: {}

  denque@2.1.0: {}

  detect-libc@2.0.4:
    optional: true

  dom-serializer@2.0.0:
    dependencies:
      domelementtype: 2.3.0
      domhandler: 5.0.3
      entities: 4.5.0

  domelementtype@2.3.0: {}

  domhandler@5.0.3:
    dependencies:
      domelementtype: 2.3.0

  domutils@3.2.2:
    dependencies:
      dom-serializer: 2.0.0
      domelementtype: 2.3.0
      domhandler: 5.0.3

  elysia@1.3.5(exact-mirror@0.1.2(@sinclair/typebox@0.34.35))(file-type@21.0.0)(typescript@5.8.3):
    dependencies:
      cookie: 1.0.2
      exact-mirror: 0.1.2(@sinclair/typebox@0.34.35)
      fast-decode-uri-component: 1.0.1
      file-type: 21.0.0
      typescript: 5.8.3
    optionalDependencies:
      '@sinclair/typebox': 0.34.35
      openapi-types: 12.1.3

  entities@4.5.0: {}

  exact-mirror@0.1.2(@sinclair/typebox@0.34.35):
    optionalDependencies:
      '@sinclair/typebox': 0.34.35

  fast-decode-uri-component@1.0.1: {}

  fast-deep-equal@2.0.1: {}

  fengari-interop@0.1.3(fengari@0.1.4):
    dependencies:
      fengari: 0.1.4

  fengari@0.1.4:
    dependencies:
      readline-sync: 1.4.10
      sprintf-js: 1.1.3
      tmp: 0.0.33

  fflate@0.8.2: {}

  file-type@21.0.0:
    dependencies:
      '@tokenizer/inflate': 0.2.7
      strtok3: 10.3.1
      token-types: 6.0.0
      uint8array-extras: 1.4.0
    transitivePeerDependencies:
      - supports-color

  hookable@5.5.3: {}

  html-to-text@9.0.5:
    dependencies:
      '@selderee/plugin-htmlparser2': 0.11.0
      deepmerge: 4.3.1
      dom-serializer: 2.0.0
      htmlparser2: 8.0.2
      selderee: 0.11.0

  htmlparser2@8.0.2:
    dependencies:
      domelementtype: 2.3.0
      domhandler: 5.0.3
      domutils: 3.2.2
      entities: 4.5.0

  ieee754@1.2.1: {}

  ioredis-mock@8.9.0(@types/ioredis-mock@8.2.6(ioredis@5.6.1))(ioredis@5.6.1):
    dependencies:
      '@ioredis/as-callback': 3.0.0
      '@ioredis/commands': 1.2.0
      '@types/ioredis-mock': 8.2.6(ioredis@5.6.1)
      fengari: 0.1.4
      fengari-interop: 0.1.3(fengari@0.1.4)
      ioredis: 5.6.1
      semver: 7.7.2

  ioredis@5.6.1:
    dependencies:
      '@ioredis/commands': 1.2.0
      cluster-key-slot: 1.1.2
      debug: 4.4.1
      denque: 2.1.0
      lodash.defaults: 4.2.0
      lodash.isarguments: 3.1.0
      redis-errors: 1.2.0
      redis-parser: 3.0.0
      standard-as-callback: 2.1.0
    transitivePeerDependencies:
      - supports-color

  jose@6.0.11: {}

  leac@0.6.0: {}

  lodash.defaults@4.2.0: {}

  lodash.isarguments@3.1.0: {}

  luxon@3.6.1: {}

  marked@7.0.4: {}

  md-to-react-email@5.0.5(react@19.1.0):
    dependencies:
      marked: 7.0.4
      react: 19.1.0

  ms@2.1.3: {}

  msgpackr-extract@3.0.3:
    dependencies:
      node-gyp-build-optional-packages: 5.2.2
    optionalDependencies:
      '@msgpackr-extract/msgpackr-extract-darwin-arm64': 3.0.3
      '@msgpackr-extract/msgpackr-extract-darwin-x64': 3.0.3
      '@msgpackr-extract/msgpackr-extract-linux-arm': 3.0.3
      '@msgpackr-extract/msgpackr-extract-linux-arm64': 3.0.3
      '@msgpackr-extract/msgpackr-extract-linux-x64': 3.0.3
      '@msgpackr-extract/msgpackr-extract-win32-x64': 3.0.3
    optional: true

  msgpackr@1.11.4:
    optionalDependencies:
      msgpackr-extract: 3.0.3

  nanoid@5.1.5: {}

  node-abort-controller@3.1.1: {}

  node-cron@4.1.0: {}

  node-gyp-build-optional-packages@5.2.2:
    dependencies:
      detect-libc: 2.0.4
    optional: true

  nodemailer@7.0.3: {}

  openapi-types@12.1.3: {}

  os-tmpdir@1.0.2: {}

  parseley@0.12.1:
    dependencies:
      leac: 0.6.0
      peberminta: 0.9.0

  pathe@1.1.2: {}

  peberminta@0.9.0: {}

  prettier@3.5.3: {}

  prismabox@1.1.24:
    dependencies:
      '@prisma/generator-helper': 5.22.0
      '@sinclair/typebox': 0.34.35
      prettier: 3.5.3

  prismjs@1.30.0: {}

  react-dom@19.1.0(react@19.1.0):
    dependencies:
      react: 19.1.0
      scheduler: 0.26.0

  react-promise-suspense@0.3.4:
    dependencies:
      fast-deep-equal: 2.0.1

  react@19.1.0: {}

  readline-sync@1.4.10: {}

  redis-errors@1.2.0: {}

  redis-parser@3.0.0:
    dependencies:
      redis-errors: 1.2.0

  scheduler@0.26.0: {}

  selderee@0.11.0:
    dependencies:
      parseley: 0.12.1

  semver@7.7.2: {}

  sprintf-js@1.1.3: {}

  standard-as-callback@2.1.0: {}

  strtok3@10.3.1:
    dependencies:
      '@tokenizer/token': 0.3.0

  tmp@0.0.33:
    dependencies:
      os-tmpdir: 1.0.2

  token-types@6.0.0:
    dependencies:
      '@tokenizer/token': 0.3.0
      ieee754: 1.2.1

  tslib@2.8.1: {}

  type-fest@4.41.0: {}

  typescript@5.8.3: {}

  uint8array-extras@1.4.0: {}

  undici-types@7.8.0: {}

  uuid@9.0.1: {}

  zhead@2.2.4: {}

  zod@3.25.67: {}
